
Microsoft Visual Studio Solution File, Format Version 12.00
# Visual Studio 2017
Project("{FAE04EC0-301F-11D3-BF4B-00C04F79EFBC}") = "Models Test", "Models Test.csproj", "{602D68FB-7193-9CE8-E770-AB69D85885CD}"
EndProject
Global
	GlobalSection(SolutionConfigurationPlatforms) = preSolution
		Debug|Any CPU = Debug|Any CPU
		Release|Any CPU = Release|Any CPU
	EndGlobalSection
	GlobalSection(ProjectConfigurationPlatforms) = postSolution
		{602D68FB-7193-9CE8-E770-AB69D85885CD}.Debug|Any CPU.ActiveCfg = Debug|Any CPU
		{602D68FB-7193-9CE8-E770-AB69D85885CD}.Debug|Any CPU.Build.0 = Debug|Any CPU
		{602D68FB-7193-9CE8-E770-AB69D85885CD}.Release|Any CPU.ActiveCfg = Release|Any CPU
		{602D68FB-7193-9CE8-E770-AB69D85885CD}.Release|Any CPU.Build.0 = Release|Any CPU
	EndGlobalSection
	GlobalSection(SolutionProperties) = preSolution
		HideSolutionNode = FALSE
	EndGlobalSection
EndGlobal
